anaconda-anon-usage @ file:///private/var/folders/sy/f16zz6x50xz3113nwtb9bvq00000gp/T/abs_9abq1vdv2c/croot/anaconda-anon-usage_1732732441000/work
archspec==0.2.5
boltons @ file:///Users/builder/cbouss/perseverance-python-buildout/croot/boltons_1699245321609/work
brotli @ file:///private/var/folders/c_/qfmhj66j0tn016nkx_th4hxm0000gp/T/abs_67j4p18ie3/croot/brotli-split_1714483158198/work
certifi @ file:///private/var/folders/sy/f16zz6x50xz3113nwtb9bvq00000gp/T/abs_c7dh9wvd8f/croot/certifi_1725551679893/work/certifi
cffi @ file:///private/var/folders/sy/f16zz6x50xz3113nwtb9bvq00000gp/T/abs_a1n4t3qsjy/croot/cffi_1726856449083/work
charset-normalizer @ file:///croot/charset-normalizer_1721748349566/work
conda @ file:///private/var/folders/sy/f16zz6x50xz3113nwtb9bvq00000gp/T/abs_74acsaz6zp/croot/conda_1733841830452/work
conda-anaconda-telemetry @ file:///private/var/folders/sy/f16zz6x50xz3113nwtb9bvq00000gp/T/abs_42mab2m6lh/croot/conda-anaconda-telemetry_1733258972792/work
conda-content-trust @ file:///private/var/folders/sy/f16zz6x50xz3113nwtb9bvq00000gp/T/abs_78eyko59n2/croot/conda-content-trust_1714483158098/work
conda-libmamba-solver @ file:///croot/conda-libmamba-solver_1727775630457/work/src
conda-package-handling @ file:///private/var/folders/sy/f16zz6x50xz3113nwtb9bvq00000gp/T/abs_b5_vfr2fqi/croot/conda-package-handling_1731369042242/work
conda-package-streaming @ file:///private/var/folders/sy/f16zz6x50xz3113nwtb9bvq00000gp/T/abs_58icnlhvbg/croot/conda-package-streaming_1731366295477/work
cryptography @ file:///private/var/folders/c_/qfmhj66j0tn016nkx_th4hxm0000gp/T/abs_97qpgd2gkx/croot/cryptography_1732131165709/work
distro @ file:///private/var/folders/c_/qfmhj66j0tn016nkx_th4hxm0000gp/T/abs_b5l_bzm_c4/croot/distro_1714488255954/work
frozendict @ file:///private/var/folders/sy/f16zz6x50xz3113nwtb9bvq00000gp/T/abs_f2kfyv072k/croot/frozendict_1713194840232/work
idna @ file:///private/var/folders/c_/qfmhj66j0tn016nkx_th4hxm0000gp/T/abs_2b_jn555_n/croot/idna_1714398852258/work
jsonpatch @ file:///private/var/folders/sy/f16zz6x50xz3113nwtb9bvq00000gp/T/abs_9dcqemvl4v/croot/jsonpatch_1714483445583/work
jsonpointer==2.1
libmambapy @ file:///private/var/folders/c_/qfmhj66j0tn016nkx_th4hxm0000gp/T/abs_faec2jewu4/croot/mamba-split_1732896304770/work/libmambapy
menuinst @ file:///private/var/folders/sy/f16zz6x50xz3113nwtb9bvq00000gp/T/abs_22o7b1xsoe/croot/menuinst_1731365278299/work
packaging @ file:///private/var/folders/c_/qfmhj66j0tn016nkx_th4hxm0000gp/T/abs_af6w2d9k11/croot/packaging_1720101860461/work
pip @ file:///private/var/folders/c_/qfmhj66j0tn016nkx_th4hxm0000gp/T/abs_0ato15bisz/croot/pip_1723484599651/work
platformdirs @ file:///Users/builder/cbouss/perseverance-python-buildout/croot/platformdirs_1701805067573/work
pluggy @ file:///private/var/folders/sy/f16zz6x50xz3113nwtb9bvq00000gp/T/abs_70ykkrsb12/croot/pluggy_1733169619735/work
pycosat @ file:///private/var/folders/sy/f16zz6x50xz3113nwtb9bvq00000gp/T/abs_48rgxrmler/croot/pycosat_1714511500164/work
pysocks @ file:///Users/builder/cbouss/perseverance-python-buildout/croot/pysocks_1699239289103/work
requests @ file:///private/var/folders/c_/qfmhj66j0tn016nkx_th4hxm0000gp/T/abs_2eh84h3yiv/croot/requests_1730999127987/work
ruamel-yaml @ file:///private/var/folders/c_/qfmhj66j0tn016nkx_th4hxm0000gp/T/abs_a0tb7e252p/croot/ruamel.yaml_1727980165152/work
ruamel-yaml-clib @ file:///private/var/folders/c_/qfmhj66j0tn016nkx_th4hxm0000gp/T/abs_47oq900ogu/croot/ruamel.yaml.clib_1727769824325/work
setuptools==75.1.0
tqdm @ file:///private/var/folders/c_/qfmhj66j0tn016nkx_th4hxm0000gp/T/abs_5akmb2c3eu/croot/tqdm_1724853941623/work
truststore @ file:///Users/builder/cbouss/perseverance-python-buildout/croot/truststore_1701811390284/work
urllib3 @ file:///private/var/folders/c_/qfmhj66j0tn016nkx_th4hxm0000gp/T/abs_7dvsr0a5y0/croot/urllib3_1727769823716/work
wheel==0.44.0
zstandard @ file:///private/var/folders/sy/f16zz6x50xz3113nwtb9bvq00000gp/T/abs_65utj9q8ya/croot/zstandard_1731360545821/work
